
Microsoft Visual Studio Solution File, Format Version 11.00
# Visual Studio 2010
Project("{FAE04EC0-301F-11D3-BF4B-00C04F79EFBC}") = "Assembly-CSharp", "Assembly-CSharp.csproj", "{03938ccd-4b40-8dfb-6b9b-21988d5cac0a}"
EndProject
Project("{FAE04EC0-301F-11D3-BF4B-00C04F79EFBC}") = "RuntimeTestAssembly", "RuntimeTestAssembly.csproj", "{cb68e12b-7451-2b70-9f8b-055aa65b8b9c}"
EndProject
Project("{FAE04EC0-301F-11D3-BF4B-00C04F79EFBC}") = "NonConvexCollider", "NonConvexCollider.csproj", "{76c4baf8-dc0a-b9ec-faa4-435989ac4126}"
EndProject
Project("{FAE04EC0-301F-11D3-BF4B-00C04F79EFBC}") = "NonConvexColliderRuntimeAPI", "NonConvexColliderRuntimeAPI.csproj", "{b64dddba-cfdd-9fe6-c324-42ee744cb259}"
EndProject
Project("{FAE04EC0-301F-11D3-BF4B-00C04F79EFBC}") = "Assembly-CSharp-Editor", "Assembly-CSharp-Editor.csproj", "{c6e61163-200a-3b38-320b-694068de37a5}"
EndProject
Project("{FAE04EC0-301F-11D3-BF4B-00C04F79EFBC}") = "NonConvexEditor", "NonConvexEditor.csproj", "{a1e9af35-126b-12f9-b365-7d203eeed9bc}"
EndProject
Global
	GlobalSection(SolutionConfigurationPlatforms) = preSolution
		Debug|Any CPU = Debug|Any CPU
	EndGlobalSection
	GlobalSection(ProjectConfigurationPlatforms) = postSolution
		{03938ccd-4b40-8dfb-6b9b-21988d5cac0a}.Debug|Any CPU.ActiveCfg = Debug|Any CPU
		{03938ccd-4b40-8dfb-6b9b-21988d5cac0a}.Debug|Any CPU.Build.0 = Debug|Any CPU
		{cb68e12b-7451-2b70-9f8b-055aa65b8b9c}.Debug|Any CPU.ActiveCfg = Debug|Any CPU
		{cb68e12b-7451-2b70-9f8b-055aa65b8b9c}.Debug|Any CPU.Build.0 = Debug|Any CPU
		{76c4baf8-dc0a-b9ec-faa4-435989ac4126}.Debug|Any CPU.ActiveCfg = Debug|Any CPU
		{76c4baf8-dc0a-b9ec-faa4-435989ac4126}.Debug|Any CPU.Build.0 = Debug|Any CPU
		{b64dddba-cfdd-9fe6-c324-42ee744cb259}.Debug|Any CPU.ActiveCfg = Debug|Any CPU
		{b64dddba-cfdd-9fe6-c324-42ee744cb259}.Debug|Any CPU.Build.0 = Debug|Any CPU
		{c6e61163-200a-3b38-320b-694068de37a5}.Debug|Any CPU.ActiveCfg = Debug|Any CPU
		{c6e61163-200a-3b38-320b-694068de37a5}.Debug|Any CPU.Build.0 = Debug|Any CPU
		{a1e9af35-126b-12f9-b365-7d203eeed9bc}.Debug|Any CPU.ActiveCfg = Debug|Any CPU
		{a1e9af35-126b-12f9-b365-7d203eeed9bc}.Debug|Any CPU.Build.0 = Debug|Any CPU
	EndGlobalSection
	GlobalSection(SolutionProperties) = preSolution
		HideSolutionNode = FALSE
	EndGlobalSection
EndGlobal
